// !$*UTF8*$!
{
	archiveVersion = 1;
	classes = {
	};
	objectVersion = 51;
	objects = {

/* Begin PBXBuildFile section */
		DA05015424D2D50A00EC96ED /* VideoModel.swift in Sources */ = {isa = PBXBuildFile; fileRef = DA05015324D2D50A00EC96ED /* VideoModel.swift */; };
		DA05015624D2D9AE00EC96ED /* AppKey.swift in Sources */ = {isa = PBXBuildFile; fileRef = DA05015524D2D9AE00EC96ED /* AppKey.swift */; };
		DA69CD4524D1559E00E59BFB /* AppDelegate.swift in Sources */ = {isa = PBXBuildFile; fileRef = DA69CD4424D1559E00E59BFB /* AppDelegate.swift */; };
		DA69CD4724D1559E00E59BFB /* SceneDelegate.swift in Sources */ = {isa = PBXBuildFile; fileRef = DA69CD4624D1559E00E59BFB /* SceneDelegate.swift */; };
		DA69CD4924D1559E00E59BFB /* ViewController.swift in Sources */ = {isa = PBXBuildFile; fileRef = DA69CD4824D1559E00E59BFB /* ViewController.swift */; };
		DA69CD4C24D1559E00E59BFB /* Main.storyboard in Resources */ = {isa = PBXBuildFile; fileRef = DA69CD4A24D1559E00E59BFB /* Main.storyboard */; };
		DA69CD4E24D155A000E59BFB /* Assets.xcassets in Resources */ = {isa = PBXBuildFile; fileRef = DA69CD4D24D155A000E59BFB /* Assets.xcassets */; };
		DA69CD5124D155A000E59BFB /* LaunchScreen.storyboard in Resources */ = {isa = PBXBuildFile; fileRef = DA69CD4F24D155A000E59BFB /* LaunchScreen.storyboard */; };
		E2AB33EB912C0CF14BBC43C6 /* Pods_YouTubePlayerProject.framework in Frameworks */ = {isa = PBXBuildFile; fileRef = 3FECBF2B7DBA077DAA860875 /* Pods_YouTubePlayerProject.framework */; };
/* End PBXBuildFile section */

/* Begin PBXFileReference section */
		1CA6B0D24C5E2B4F0723D2C0 /* Pods-YouTubePlayerProject.debug.xcconfig */ = {isa = PBXFileReference; includeInIndex = 1; lastKnownFileType = text.xcconfig; name = "Pods-YouTubePlayerProject.debug.xcconfig"; path = "Target Support Files/Pods-YouTubePlayerProject/Pods-YouTubePlayerProject.debug.xcconfig"; sourceTree = "<group>"; };
		3FECBF2B7DBA077DAA860875 /* Pods_YouTubePlayerProject.framework */ = {isa = PBXFileReference; explicitFileType = wrapper.framework; includeInIndex = 0; path = Pods_YouTubePlayerProject.framework; sourceTree = BUILT_PRODUCTS_DIR; };
		647486EB7B1FC4EF8E26A4C4 /* Pods-YouTubePlayerProject.release.xcconfig */ = {isa = PBXFileReference; includeInIndex = 1; lastKnownFileType = text.xcconfig; name = "Pods-YouTubePlayerProject.release.xcconfig"; path = "Target Support Files/Pods-YouTubePlayerProject/Pods-YouTubePlayerProject.release.xcconfig"; sourceTree = "<group>"; };
		DA05015324D2D50A00EC96ED /* VideoModel.swift */ = {isa = PBXFileReference; lastKnownFileType = sourcecode.swift; path = VideoModel.swift; sourceTree = "<group>"; };
		DA05015524D2D9AE00EC96ED /* AppKey.swift */ = {isa = PBXFileReference; lastKnownFileType = sourcecode.swift; path = AppKey.swift; sourceTree = "<group>"; };
		DA69CD4124D1559E00E59BFB /* YouTubePlayerProject.app */ = {isa = PBXFileReference; explicitFileType = wrapper.application; includeInIndex = 0; path = YouTubePlayerProject.app; sourceTree = BUILT_PRODUCTS_DIR; };
		DA69CD4424D1559E00E59BFB /* AppDelegate.swift */ = {isa = PBXFileReference; lastKnownFileType = sourcecode.swift; path = AppDelegate.swift; sourceTree = "<group>"; };
		DA69CD4624D1559E00E59BFB /* SceneDelegate.swift */ = {isa = PBXFileReference; lastKnownFileType = sourcecode.swift; path = SceneDelegate.swift; sourceTree = "<group>"; };
		DA69CD4824D1559E00E59BFB /* ViewController.swift */ = {isa = PBXFileReference; lastKnownFileType = sourcecode.swift; path = ViewController.swift; sourceTree = "<group>"; };
		DA69CD4B24D1559E00E59BFB /* Base */ = {isa = PBXFileReference; lastKnownFileType = file.storyboard; name = Base; path = Base.lproj/Main.storyboard; sourceTree = "<group>"; };
		DA69CD4D24D155A000E59BFB /* Assets.xcassets */ = {isa = PBXFileReference; lastKnownFileType = folder.assetcatalog; path = Assets.xcassets; sourceTree = "<group>"; };
		DA69CD5024D155A000E59BFB /* Base */ = {isa = PBXFileReference; lastKnownFileType = file.storyboard; name = Base; path = Base.lproj/LaunchScreen.storyboard; sourceTree = "<group>"; };
		DA69CD5224D155A000E59BFB /* Info.plist */ = {isa = PBXFileReference; lastKnownFileType = text.plist.xml; path = Info.plist; sourceTree = "<group>"; };
/* End PBXFileReference section */

/* Begin PBXFrameworksBuildPhase section */
		DA69CD3E24D1559E00E59BFB /* Frameworks */ = {
			isa = PBXFrameworksBuildPhase;
			buildActionMask = 2147483647;
			files = (
				E2AB33EB912C0CF14BBC43C6 /* Pods_YouTubePlayerProject.framework in Frameworks */,
			);
			runOnlyForDeploymentPostprocessing = 0;
		};
/* End PBXFrameworksBuildPhase section */

/* Begin PBXGroup section */
		1A4D94E230282143CE6E2FDF /* Frameworks */ = {
			isa = PBXGroup;
			children = (
				3FECBF2B7DBA077DAA860875 /* Pods_YouTubePlayerProject.framework */,
			);
			name = Frameworks;
			sourceTree = "<group>";
		};
		DA69CD3824D1559E00E59BFB = {
			isa = PBXGroup;
			children = (
				DA69CD4324D1559E00E59BFB /* YouTubePlayerProject */,
				DA69CD4224D1559E00E59BFB /* Products */,
				DCDD6A28DC074B3DA3499F86 /* Pods */,
				1A4D94E230282143CE6E2FDF /* Frameworks */,
			);
			sourceTree = "<group>";
		};
		DA69CD4224D1559E00E59BFB /* Products */ = {
			isa = PBXGroup;
			children = (
				DA69CD4124D1559E00E59BFB /* YouTubePlayerProject.app */,
			);
			name = Products;
			sourceTree = "<group>";
		};
		DA69CD4324D1559E00E59BFB /* YouTubePlayerProject */ = {
			isa = PBXGroup;
			children = (
				DA69CD4424D1559E00E59BFB /* AppDelegate.swift */,
				DA69CD4624D1559E00E59BFB /* SceneDelegate.swift */,
				DA69CD4824D1559E00E59BFB /* ViewController.swift */,
				DA69CD4A24D1559E00E59BFB /* Main.storyboard */,
				DA69CD4D24D155A000E59BFB /* Assets.xcassets */,
				DA69CD4F24D155A000E59BFB /* LaunchScreen.storyboard */,
				DA69CD5224D155A000E59BFB /* Info.plist */,
				DA05015324D2D50A00EC96ED /* VideoModel.swift */,
				DA05015524D2D9AE00EC96ED /* AppKey.swift */,
			);
			path = YouTubePlayerProject;
			sourceTree = "<group>";
		};
		DCDD6A28DC074B3DA3499F86 /* Pods */ = {
			isa = PBXGroup;
			children = (
				1CA6B0D24C5E2B4F0723D2C0 /* Pods-YouTubePlayerProject.debug.xcconfig */,
				647486EB7B1FC4EF8E26A4C4 /* Pods-YouTubePlayerProject.release.xcconfig */,
			);
			path = Pods;
			sourceTree = "<group>";
		};
/* End PBXGroup section */

/* Begin PBXNativeTarget section */
		DA69CD4024D1559E00E59BFB /* YouTubePlayerProject */ = {
			isa = PBXNativeTarget;
			buildConfigurationList = DA69CD5524D155A000E59BFB /* Build configuration list for PBXNativeTarget "YouTubePlayerProject" */;
			buildPhases = (
				18A59F5C18725FADF4614601 /* [CP] Check Pods Manifest.lock */,
				DA69CD3D24D1559E00E59BFB /* Sources */,
				DA69CD3E24D1559E00E59BFB /* Frameworks */,
				DA69CD3F24D1559E00E59BFB /* Resources */,
				A4F92AE436EFB391BF5EC556 /* [CP] Embed Pods Frameworks */,
			);
			buildRules = (
			);
			dependencies = (
			);
			name = YouTubePlayerProject;
			productName = YouTubePlayerProject;
			productReference = DA69CD4124D1559E00E59BFB /* YouTubePlayerProject.app */;
			productType = "com.apple.product-type.application";
		};
/* End PBXNativeTarget section */

/* Begin PBXProject section */
		DA69CD3924D1559E00E59BFB /* Project object */ = {
			isa = PBXProject;
			attributes = {
				LastSwiftUpdateCheck = 1160;
				LastUpgradeCheck = 1160;
				ORGANIZATIONNAME = Dustin;
				TargetAttributes = {
					DA69CD4024D1559E00E59BFB = {
						CreatedOnToolsVersion = 11.6;
					};
				};
			};
			buildConfigurationList = DA69CD3C24D1559E00E59BFB /* Build configuration list for PBXProject "YouTubePlayerProject" */;
			compatibilityVersion = "Xcode 9.3";
			developmentRegion = en;
			hasScannedForEncodings = 0;
			knownRegions = (
				en,
				Base,
			);
			mainGroup = DA69CD3824D1559E00E59BFB;
			productRefGroup = DA69CD4224D1559E00E59BFB /* Products */;
			projectDirPath = "";
			projectRoot = "";
			targets = (
				DA69CD4024D1559E00E59BFB /* YouTubePlayerProject */,
			);
		};
/* End PBXProject section */

/* Begin PBXResourcesBuildPhase section */
		DA69CD3F24D1559E00E59BFB /* Resources */ = {
			isa = PBXResourcesBuildPhase;
			buildActionMask = 2147483647;
			files = (
				DA69CD5124D155A000E59BFB /* LaunchScreen.storyboard in Resources */,
				DA69CD4E24D155A000E59BFB /* Assets.xcassets in Resources */,
				DA69CD4C24D1559E00E59BFB /* Main.storyboard in Resources */,
			);
			runOnlyForDeploymentPostprocessing = 0;
		};
/* End PBXResourcesBuildPhase section */

/* Begin PBXShellScriptBuildPhase section */
		18A59F5C18725FADF4614601 /* [CP] Check Pods Manifest.lock */ = {
			isa = PBXShellScriptBuildPhase;
			buildActionMask = 2147483647;
			files = (
			);
			inputFileListPaths = (
			);
			inputPaths = (
				"${PODS_PODFILE_DIR_PATH}/Podfile.lock",
				"${PODS_ROOT}/Manifest.lock",
			);
			name = "[CP] Check Pods Manifest.lock";
			outputFileListPaths = (
			);
			outputPaths = (
				"$(DERIVED_FILE_DIR)/Pods-YouTubePlayerProject-checkManifestLockResult.txt",
			);
			runOnlyForDeploymentPostprocessing = 0;
			shellPath = /bin/sh;
			shellScript = "diff \"${PODS_PODFILE_DIR_PATH}/Podfile.lock\" \"${PODS_ROOT}/Manifest.lock\" > /dev/null\nif [ $? != 0 ] ; then\n    # print error to STDERR\n    echo \"error: The sandbox is not in sync with the Podfile.lock. Run 'pod install' or update your CocoaPods installation.\" >&2\n    exit 1\nfi\n# This output is used by Xcode 'outputs' to avoid re-running this script phase.\necho \"SUCCESS\" > \"${SCRIPT_OUTPUT_FILE_0}\"\n";
			showEnvVarsInLog = 0;
		};
		A4F92AE436EFB391BF5EC556 /* [CP] Embed Pods Frameworks */ = {
			isa = PBXShellScriptBuildPhase;
			buildActionMask = 2147483647;
			files = (
			);
			inputFileListPaths = (
				"${PODS_ROOT}/Target Support Files/Pods-YouTubePlayerProject/Pods-YouTubePlayerProject-frameworks-${CONFIGURATION}-input-files.xcfilelist",
			);
			name = "[CP] Embed Pods Frameworks";
			outputFileListPaths = (
				"${PODS_ROOT}/Target Support Files/Pods-YouTubePlayerProject/Pods-YouTubePlayerProject-frameworks-${CONFIGURATION}-output-files.xcfilelist",
			);
			runOnlyForDeploymentPostprocessing = 0;
			shellPath = /bin/sh;
			shellScript = "\"${PODS_ROOT}/Target Support Files/Pods-YouTubePlayerProject/Pods-YouTubePlayerProject-frameworks.sh\"\n";
			showEnvVarsInLog = 0;
		};
/* End PBXShellScriptBuildPhase section */

/* Begin PBXSourcesBuildPhase section */
		DA69CD3D24D1559E00E59BFB /* Sources */ = {
			isa = PBXSourcesBuildPhase;
			buildActionMask = 2147483647;
			files = (
				DA69CD4924D1559E00E59BFB /* ViewController.swift in Sources */,
				DA69CD4524D1559E00E59BFB /* AppDelegate.swift in Sources */,
				DA69CD4724D1559E00E59BFB /* SceneDelegate.swift in Sources */,
				DA05015424D2D50A00EC96ED /* VideoModel.swift in Sources */,
				DA05015624D2D9AE00EC96ED /* AppKey.swift in Sources */,
			);
			runOnlyForDeploymentPostprocessing = 0;
		};
/* End PBXSourcesBuildPhase section */

/* Begin PBXVariantGroup section */
		DA69CD4A24D1559E00E59BFB /* Main.storyboard */ = {
			isa = PBXVariantGroup;
			children = (
				DA69CD4B24D1559E00E59BFB /* Base */,
			);
			name = Main.storyboard;
			sourceTree = "<group>";
		};
		DA69CD4F24D155A000E59BFB /* LaunchScreen.storyboard */ = {
			isa = PBXVariantGroup;
			children = (
				DA69CD5024D155A000E59BFB /* Base */,
			);
			name = LaunchScreen.storyboard;
			sourceTree = "<group>";
		};
/* End PBXVariantGroup section */

/* Begin XCBuildConfiguration section */
		DA69CD5324D155A000E59BFB /* Debug */ = {
			isa = XCBuildConfiguration;
			buildSettings = {
				ALWAYS_SEARCH_USER_PATHS = NO;
				CLANG_ANALYZER_NONNULL = YES;
				CLANG_ANALYZER_NUMBER_OBJECT_CONVERSION = YES_AGGRESSIVE;
				CLANG_CXX_LANGUAGE_STANDARD = "gnu++14";
				CLANG_CXX_LIBRARY = "libc++";
				CLANG_ENABLE_MODULES = YES;
				CLANG_ENABLE_OBJC_ARC = YES;
				CLANG_ENABLE_OBJC_WEAK = YES;
				CLANG_WARN_BLOCK_CAPTURE_AUTORELEASING = YES;
				CLANG_WARN_BOOL_CONVERSION = YES;
				CLANG_WARN_COMMA = YES;
				CLANG_WARN_CONSTANT_CONVERSION = YES;
				CLANG_WARN_DEPRECATED_OBJC_IMPLEMENTATIONS = YES;
				CLANG_WARN_DIRECT_OBJC_ISA_USAGE = YES_ERROR;
				CLANG_WARN_DOCUMENTATION_COMMENTS = YES;
				CLANG_WARN_EMPTY_BODY = YES;
				CLANG_WARN_ENUM_CONVERSION = YES;
				CLANG_WARN_INFINITE_RECURSION = YES;
				CLANG_WARN_INT_CONVERSION = YES;
				CLANG_WARN_NON_LITERAL_NULL_CONVERSION = YES;
				CLANG_WARN_OBJC_IMPLICIT_RETAIN_SELF = YES;
				CLANG_WARN_OBJC_LITERAL_CONVERSION = YES;
				CLANG_WARN_OBJC_ROOT_CLASS = YES_ERROR;
				CLANG_WARN_RANGE_LOOP_ANALYSIS = YES;
				CLANG_WARN_STRICT_PROTOTYPES = YES;
				CLANG_WARN_SUSPICIOUS_MOVE = YES;
				CLANG_WARN_UNGUARDED_AVAILABILITY = YES_AGGRESSIVE;
				CLANG_WARN_UNREACHABLE_CODE = YES;
				CLANG_WARN__DUPLICATE_METHOD_MATCH = YES;
				COPY_PHASE_STRIP = NO;
				DEBUG_INFORMATION_FORMAT = dwarf;
				ENABLE_STRICT_OBJC_MSGSEND = YES;
				ENABLE_TESTABILITY = YES;
				GCC_C_LANGUAGE_STANDARD = gnu11;
				GCC_DYNAMIC_NO_PIC = NO;
				GCC_NO_COMMON_BLOCKS = YES;
				GCC_OPTIMIZATION_LEVEL = 0;
				GCC_PREPROCESSOR_DEFINITIONS = (
					"DEBUG=1",
					"$(inherited)",
				);
				GCC_WARN_64_TO_32_BIT_CONVERSION = YES;
				GCC_WARN_ABOUT_RETURN_TYPE = YES_ERROR;
				GCC_WARN_UNDECLARED_SELECTOR = YES;
				GCC_WARN_UNINITIALIZED_AUTOS = YES_AGGRESSIVE;
				GCC_WARN_UNUSED_FUNCTION = YES;
				GCC_WARN_UNUSED_VARIABLE = YES;
				IPHONEOS_DEPLOYMENT_TARGET = 13.0;
				MTL_ENABLE_DEBUG_INFO = INCLUDE_SOURCE;
				MTL_FAST_MATH = YES;
				ONLY_ACTIVE_ARCH = YES;
				SDKROOT = iphoneos;
				SWIFT_ACTIVE_COMPILATION_CONDITIONS = DEBUG;
				SWIFT_OPTIMIZATION_LEVEL = "-Onone";
			};
			name = Debug;
		};
		DA69CD5424D155A000E59BFB /* Release */ = {
			isa = XCBuildConfiguration;
			buildSettings = {
				ALWAYS_SEARCH_USER_PATHS = NO;
				CLANG_ANALYZER_NONNULL = YES;
				CLANG_ANALYZER_NUMBER_OBJECT_CONVERSION = YES_AGGRESSIVE;
				CLANG_CXX_LANGUAGE_STANDARD = "gnu++14";
				CLANG_CXX_LIBRARY = "libc++";
				CLANG_ENABLE_MODULES = YES;
				CLANG_ENABLE_OBJC_ARC = YES;
				CLANG_ENABLE_OBJC_WEAK = YES;
				CLANG_WARN_BLOCK_CAPTURE_AUTORELEASING = YES;
				CLANG_WARN_BOOL_CONVERSION = YES;
				CLANG_WARN_COMMA = YES;
				CLANG_WARN_CONSTANT_CONVERSION = YES;
				CLANG_WARN_DEPRECATED_OBJC_IMPLEMENTATIONS = YES;
				CLANG_WARN_DIRECT_OBJC_ISA_USAGE = YES_ERROR;
				CLANG_WARN_DOCUMENTATION_COMMENTS = YES;
				CLANG_WARN_EMPTY_BODY = YES;
				CLANG_WARN_ENUM_CONVERSION = YES;
				CLANG_WARN_INFINITE_RECURSION = YES;
				CLANG_WARN_INT_CONVERSION = YES;
				CLANG_WARN_NON_LITERAL_NULL_CONVERSION = YES;
				CLANG_WARN_OBJC_IMPLICIT_RETAIN_SELF = YES;
				CLANG_WARN_OBJC_LITERAL_CONVERSION = YES;
				CLANG_WARN_OBJC_ROOT_CLASS = YES_ERROR;
				CLANG_WARN_RANGE_LOOP_ANALYSIS = YES;
				CLANG_WARN_STRICT_PROTOTYPES = YES;
				CLANG_WARN_SUSPICIOUS_MOVE = YES;
				CLANG_WARN_UNGUARDED_AVAILABILITY = YES_AGGRESSIVE;
				CLANG_WARN_UNREACHABLE_CODE = YES;
				CLANG_WARN__DUPLICATE_METHOD_MATCH = YES;
				COPY_PHASE_STRIP = NO;
				DEBUG_INFORMATION_FORMAT = "dwarf-with-dsym";
				ENABLE_NS_ASSERTIONS = NO;
				ENABLE_STRICT_OBJC_MSGSEND = YES;
				GCC_C_LANGUAGE_STANDARD = gnu11;
				GCC_NO_COMMON_BLOCKS = YES;
				GCC_WARN_64_TO_32_BIT_CONVERSION = YES;
				GCC_WARN_ABOUT_RETURN_TYPE = YES_ERROR;
				GCC_WARN_UNDECLARED_SELECTOR = YES;
				GCC_WARN_UNINITIALIZED_AUTOS = YES_AGGRESSIVE;
				GCC_WARN_UNUSED_FUNCTION = YES;
				GCC_WARN_UNUSED_VARIABLE = YES;
				IPHONEOS_DEPLOYMENT_TARGET = 13.0;
				MTL_ENABLE_DEBUG_INFO = NO;
				MTL_FAST_MATH = YES;
				SDKROOT = iphoneos;
				SWIFT_COMPILATION_MODE = wholemodule;
				SWIFT_OPTIMIZATION_LEVEL = "-O";
				VALIDATE_PRODUCT = YES;
			};
			name = Release;
		};
		DA69CD5624D155A000E59BFB /* Debug */ = {
			isa = XCBuildConfiguration;
			baseConfigurationReference = 1CA6B0D24C5E2B4F0723D2C0 /* Pods-YouTubePlayerProject.debug.xcconfig */;
			buildSettings = {
				ASSETCATALOG_COMPILER_APPICON_NAME = AppIcon;
				CODE_SIGN_STYLE = Automatic;
				DEVELOPMENT_TEAM = 3VT454RG8M;
				INFOPLIST_FILE = YouTubePlayerProject/Info.plist;
				LD_RUNPATH_SEARCH_PATHS = (
					"$(inherited)",
					"@executable_path/Frameworks",
				);
				PRODUCT_BUNDLE_IDENTIFIER = com.Dustin.YouTubePlayerProject;
				PRODUCT_NAME = "$(TARGET_NAME)";
				SWIFT_VERSION = 5.0;
				TARGETED_DEVICE_FAMILY = "1,2";
			};
			name = Debug;
		};
		DA69CD5724D155A000E59BFB /* Release */ = {
			isa = XCBuildConfiguration;
			baseConfigurationReference = 647486EB7B1FC4EF8E26A4C4 /* Pods-YouTubePlayerProject.release.xcconfig */;
			buildSettings = {
				ASSETCATALOG_COMPILER_APPICON_NAME = AppIcon;
				CODE_SIGN_STYLE = Automatic;
				DEVELOPMENT_TEAM = 3VT454RG8M;
				INFOPLIST_FILE = YouTubePlayerProject/Info.plist;
				LD_RUNPATH_SEARCH_PATHS = (
					"$(inherited)",
					"@executable_path/Frameworks",
				);
				PRODUCT_BUNDLE_IDENTIFIER = com.Dustin.YouTubePlayerProject;
				PRODUCT_NAME = "$(TARGET_NAME)";
				SWIFT_VERSION = 5.0;
				TARGETED_DEVICE_FAMILY = "1,2";
			};
			name = Release;
		};
/* End XCBuildConfiguration section */

/* Begin XCConfigurationList section */
		DA69CD3C24D1559E00E59BFB /* Build configuration list for PBXProject "YouTubePlayerProject" */ = {
			isa = XCConfigurationList;
			buildConfigurations = (
				DA69CD5324D155A000E59BFB /* Debug */,
				DA69CD5424D155A000E59BFB /* Release */,
			);
			defaultConfigurationIsVisible = 0;
			defaultConfigurationName = Release;
		};
		DA69CD5524D155A000E59BFB /* Build configuration list for PBXNativeTarget "YouTubePlayerProject" */ = {
			isa = XCConfigurationList;
			buildConfigurations = (
				DA69CD5624D155A000E59BFB /* Debug */,
				DA69CD5724D155A000E59BFB /* Release */,
			);
			defaultConfigurationIsVisible = 0;
			defaultConfigurationName = Release;
		};
/* End XCConfigurationList section */
	};
	rootObject = DA69CD3924D1559E00E59BFB /* Project object */;
}
